
Microsoft Visual Studio Solution File, Format Version 12.00
# Visual Studio Version 16
VisualStudioVersion = 16.0.29926.136
MinimumVisualStudioVersion = 10.0.40219.1
Project("{FAE04EC0-301F-11D3-BF4B-00C04F79EFBC}") = "Inlämningsuppgift2_RefaktoreringAlejandraLopez", "Inlämningsuppgift2_RefaktoreringAlejandraLopez\Inlämningsuppgift2_RefaktoreringAlejandraLopez.csproj", "{7538C2D8-246A-416D-AB69-D22CAD8DB684}"
EndProject
Global
	GlobalSection(SolutionConfigurationPlatforms) = preSolution
		Debug|Any CPU = Debug|Any CPU
		Release|Any CPU = Release|Any CPU
	EndGlobalSection
	GlobalSection(ProjectConfigurationPlatforms) = postSolution
		{7538C2D8-246A-416D-AB69-D22CAD8DB684}.Debug|Any CPU.ActiveCfg = Debug|Any CPU
		{7538C2D8-246A-416D-AB69-D22CAD8DB684}.Debug|Any CPU.Build.0 = Debug|Any CPU
		{7538C2D8-246A-416D-AB69-D22CAD8DB684}.Release|Any CPU.ActiveCfg = Release|Any CPU
		{7538C2D8-246A-416D-AB69-D22CAD8DB684}.Release|Any CPU.Build.0 = Release|Any CPU
	EndGlobalSection
	GlobalSection(SolutionProperties) = preSolution
		HideSolutionNode = FALSE
	EndGlobalSection
	GlobalSection(ExtensibilityGlobals) = postSolution
		SolutionGuid = {CBFDFA4D-50BC-426F-B78A-B255982D8B94}
	EndGlobalSection
EndGlobal
